hash: 63c0f2ffad68bda8f7a0bb8fca62a95242d254d25faf14169e73534f202d3ddf
updated: 2017-03-04T22:44:47.786089008Z
imports:
- name: github.com/robertkrimen/otto
  version: 6a77b7cbc37d0c39f7d5fa5766826e541df31fd5
  subpackages:
  - ast
  - dbg
  - file
  - parser
  - registry
  - token
- name: gopkg.in/sourcemap.v1
  version: 6e83acea0053641eff084973fee085f0c193c61a
  subpackages:
  - base64vlq
testImports: []
