hash: 7730ce5922d248289eeda1a9db156ed93bc6a1e7943963a04ac3d8bc04b058c2
updated: 2017-06-18T10:33:30.496558023+01:00
imports:
- name: github.com/abcum/emitr
  version: a1f6c05c745df9f5135bd0b94952a9c8ab56159a
- name: github.com/robertkrimen/otto
  version: 49fee9c1c0db1c366003ede4cc665f9924a97521
  subpackages:
  - ast
  - dbg
  - file
  - parser
  - registry
  - token
- name: gopkg.in/sourcemap.v1
  version: 6e83acea0053641eff084973fee085f0c193c61a
  subpackages:
  - base64vlq
testImports: []
