hash: 7730ce5922d248289eeda1a9db156ed93bc6a1e7943963a04ac3d8bc04b058c2
updated: 2017-11-08T00:42:26.939447Z
imports:
- name: github.com/abcum/emitr
  version: 87dc7f6510db6a67e1fef3ed8dd2767861809541
- name: github.com/robertkrimen/otto
  version: 68a29f5e29b18d7367e686c43cf74eba1900f548
  subpackages:
  - ast
  - dbg
  - file
  - parser
  - registry
  - token
- name: gopkg.in/sourcemap.v1
  version: 6e83acea0053641eff084973fee085f0c193c61a
  subpackages:
  - base64vlq
testImports: []
